
Microsoft Visual Studio Solution File, Format Version 12.00
# Visual Studio Version 17
VisualStudioVersion = 17.11.35327.3
MinimumVisualStudioVersion = 10.0.40219.1
Project("{9A19103F-16F7-4668-BE54-9A1E7A4F7556}") = "BeSpokedSalesService", "BeSpokedSalesService\BeSpokedSalesService.csproj", "{75FF439E-ED55-4AD9-90AF-FCB8018879A3}"
EndProject
Project("{9A19103F-16F7-4668-BE54-9A1E7A4F7556}") = "BeSpokedSalesModel", "BeSpokedSalesModel\BeSpokedSalesModel.csproj", "{9AC63C69-4976-4E17-A08E-C3D36F134219}"
EndProject
Project("{FAE04EC0-301F-11D3-BF4B-00C04F79EFBC}") = "BeSpokedSalesApp", "BeSpokedSalesApp\BeSpokedSalesApp.csproj", "{90D1C09E-4584-4806-BA91-254E2819B1B0}"
EndProject
Global
	GlobalSection(SolutionConfigurationPlatforms) = preSolution
		Debug|Any CPU = Debug|Any CPU
		Release|Any CPU = Release|Any CPU
	EndGlobalSection
	GlobalSection(ProjectConfigurationPlatforms) = postSolution
		{75FF439E-ED55-4AD9-90AF-FCB8018879A3}.Debug|Any CPU.ActiveCfg = Debug|Any CPU
		{75FF439E-ED55-4AD9-90AF-FCB8018879A3}.Debug|Any CPU.Build.0 = Debug|Any CPU
		{75FF439E-ED55-4AD9-90AF-FCB8018879A3}.Release|Any CPU.ActiveCfg = Release|Any CPU
		{75FF439E-ED55-4AD9-90AF-FCB8018879A3}.Release|Any CPU.Build.0 = Release|Any CPU
		{9AC63C69-4976-4E17-A08E-C3D36F134219}.Debug|Any CPU.ActiveCfg = Debug|Any CPU
		{9AC63C69-4976-4E17-A08E-C3D36F134219}.Debug|Any CPU.Build.0 = Debug|Any CPU
		{9AC63C69-4976-4E17-A08E-C3D36F134219}.Release|Any CPU.ActiveCfg = Release|Any CPU
		{9AC63C69-4976-4E17-A08E-C3D36F134219}.Release|Any CPU.Build.0 = Release|Any CPU
		{90D1C09E-4584-4806-BA91-254E2819B1B0}.Debug|Any CPU.ActiveCfg = Debug|Any CPU
		{90D1C09E-4584-4806-BA91-254E2819B1B0}.Debug|Any CPU.Build.0 = Debug|Any CPU
		{90D1C09E-4584-4806-BA91-254E2819B1B0}.Release|Any CPU.ActiveCfg = Release|Any CPU
		{90D1C09E-4584-4806-BA91-254E2819B1B0}.Release|Any CPU.Build.0 = Release|Any CPU
	EndGlobalSection
	GlobalSection(SolutionProperties) = preSolution
		HideSolutionNode = FALSE
	EndGlobalSection
	GlobalSection(ExtensibilityGlobals) = postSolution
		SolutionGuid = {1E2C8353-9D37-46B4-8F39-6273B92A09E8}
	EndGlobalSection
EndGlobal
